
Microsoft Visual Studio Solution File, Format Version 12.00
# Visual Studio 15
VisualStudioVersion = 15.0.28010.2016
MinimumVisualStudioVersion = 10.0.40219.1
Project("{FAE04EC0-301F-11D3-BF4B-00C04F79EFBC}") = "RE", "RE\RE.csproj", "{C5682546-8CCB-4CF4-9422-E893D052277A}"
EndProject
Global
	GlobalSection(SolutionConfigurationPlatforms) = preSolution
		Debug|Any CPU = Debug|Any CPU
		Release|Any CPU = Release|Any CPU
	EndGlobalSection
	GlobalSection(ProjectConfigurationPlatforms) = postSolution
		{C5682546-8CCB-4CF4-9422-E893D052277A}.Debug|Any CPU.ActiveCfg = Debug|Any CPU
		{C5682546-8CCB-4CF4-9422-E893D052277A}.Debug|Any CPU.Build.0 = Debug|Any CPU
		{C5682546-8CCB-4CF4-9422-E893D052277A}.Release|Any CPU.ActiveCfg = Release|Any CPU
		{C5682546-8CCB-4CF4-9422-E893D052277A}.Release|Any CPU.Build.0 = Release|Any CPU
	EndGlobalSection
	GlobalSection(SolutionProperties) = preSolution
		HideSolutionNode = FALSE
	EndGlobalSection
	GlobalSection(ExtensibilityGlobals) = postSolution
		SolutionGuid = {09F84247-7685-46E9-8258-4CB491F1BC0A}
	EndGlobalSection
EndGlobal
